
Microsoft Visual Studio Solution File, Format Version 12.00
# Visual Studio Version 17
VisualStudioVersion = 17.6.33815.320
MinimumVisualStudioVersion = 10.0.40219.1
Project("{8BC9CEB8-8B4A-11D0-8D11-00A0C91BC942}") = "ylab1", "ylab1\ylab1.vcxproj", "{A6EBB7F3-00D1-4176-8FAA-94B502053552}"
EndProject
Global
	GlobalSection(SolutionConfigurationPlatforms) = preSolution
		Debug|x64 = Debug|x64
		Debug|x86 = Debug|x86
		Release|x64 = Release|x64
		Release|x86 = Release|x86
	EndGlobalSection
	GlobalSection(ProjectConfigurationPlatforms) = postSolution
		{A6EBB7F3-00D1-4176-8FAA-94B502053552}.Debug|x64.ActiveCfg = Debug|x64
		{A6EBB7F3-00D1-4176-8FAA-94B502053552}.Debug|x64.Build.0 = Debug|x64
		{A6EBB7F3-00D1-4176-8FAA-94B502053552}.Debug|x86.ActiveCfg = Debug|Win32
		{A6EBB7F3-00D1-4176-8FAA-94B502053552}.Debug|x86.Build.0 = Debug|Win32
		{A6EBB7F3-00D1-4176-8FAA-94B502053552}.Release|x64.ActiveCfg = Release|x64
		{A6EBB7F3-00D1-4176-8FAA-94B502053552}.Release|x64.Build.0 = Release|x64
		{A6EBB7F3-00D1-4176-8FAA-94B502053552}.Release|x86.ActiveCfg = Release|Win32
		{A6EBB7F3-00D1-4176-8FAA-94B502053552}.Release|x86.Build.0 = Release|Win32
	EndGlobalSection
	GlobalSection(SolutionProperties) = preSolution
		HideSolutionNode = FALSE
	EndGlobalSection
	GlobalSection(ExtensibilityGlobals) = postSolution
		SolutionGuid = {5AF643D3-8ECE-4A33-BA14-3E70F0E3034C}
	EndGlobalSection
EndGlobal
